
Microsoft Visual Studio Solution File, Format Version 12.00
# Visual Studio Version 16
VisualStudioVersion = 16.0.31019.35
MinimumVisualStudioVersion = 10.0.40219.1
Project("{8BC9CEB8-8B4A-11D0-8D11-00A0C91BC942}") = "HelloWorldFromMemoryTest", "HelloWorldFromMemoryTest.vcxproj", "{FC19883A-96CC-4DAB-9C02-59DB7443F348}"
EndProject
Global
	GlobalSection(SolutionConfigurationPlatforms) = preSolution
		Debug|x64 = Debug|x64
		Debug|x86 = Debug|x86
		Release|x64 = Release|x64
		Release|x86 = Release|x86
	EndGlobalSection
	GlobalSection(ProjectConfigurationPlatforms) = postSolution
		{FC19883A-96CC-4DAB-9C02-59DB7443F348}.Debug|x64.ActiveCfg = Debug|x64
		{FC19883A-96CC-4DAB-9C02-59DB7443F348}.Debug|x64.Build.0 = Debug|x64
		{FC19883A-96CC-4DAB-9C02-59DB7443F348}.Debug|x86.ActiveCfg = Debug|Win32
		{FC19883A-96CC-4DAB-9C02-59DB7443F348}.Debug|x86.Build.0 = Debug|Win32
		{FC19883A-96CC-4DAB-9C02-59DB7443F348}.Release|x64.ActiveCfg = Release|x64
		{FC19883A-96CC-4DAB-9C02-59DB7443F348}.Release|x64.Build.0 = Release|x64
		{FC19883A-96CC-4DAB-9C02-59DB7443F348}.Release|x86.ActiveCfg = Release|Win32
		{FC19883A-96CC-4DAB-9C02-59DB7443F348}.Release|x86.Build.0 = Release|Win32
	EndGlobalSection
	GlobalSection(SolutionProperties) = preSolution
		HideSolutionNode = FALSE
	EndGlobalSection
	GlobalSection(ExtensibilityGlobals) = postSolution
		SolutionGuid = {A4B8989A-436B-4902-B544-9EF2BCC075C1}
	EndGlobalSection
EndGlobal
