
Microsoft Visual Studio Solution File, Format Version 12.00
# Visual Studio Version 16
VisualStudioVersion = 16.0.31019.35
MinimumVisualStudioVersion = 10.0.40219.1
Project("{8BC9CEB8-8B4A-11D0-8D11-00A0C91BC942}") = "Create", "Create.vcxproj", "{5FDEB558-F689-4B6D-A8A3-6B6DF488DF1B}"
EndProject
Global
	GlobalSection(SolutionConfigurationPlatforms) = preSolution
		Debug|x64 = Debug|x64
		Debug|x86 = Debug|x86
		Release|x64 = Release|x64
		Release|x86 = Release|x86
	EndGlobalSection
	GlobalSection(ProjectConfigurationPlatforms) = postSolution
		{5FDEB558-F689-4B6D-A8A3-6B6DF488DF1B}.Debug|x64.ActiveCfg = Debug|x64
		{5FDEB558-F689-4B6D-A8A3-6B6DF488DF1B}.Debug|x64.Build.0 = Debug|x64
		{5FDEB558-F689-4B6D-A8A3-6B6DF488DF1B}.Debug|x86.ActiveCfg = Debug|Win32
		{5FDEB558-F689-4B6D-A8A3-6B6DF488DF1B}.Debug|x86.Build.0 = Debug|Win32
		{5FDEB558-F689-4B6D-A8A3-6B6DF488DF1B}.Release|x64.ActiveCfg = Release|x64
		{5FDEB558-F689-4B6D-A8A3-6B6DF488DF1B}.Release|x64.Build.0 = Release|x64
		{5FDEB558-F689-4B6D-A8A3-6B6DF488DF1B}.Release|x86.ActiveCfg = Release|Win32
		{5FDEB558-F689-4B6D-A8A3-6B6DF488DF1B}.Release|x86.Build.0 = Release|Win32
	EndGlobalSection
	GlobalSection(SolutionProperties) = preSolution
		HideSolutionNode = FALSE
	EndGlobalSection
	GlobalSection(ExtensibilityGlobals) = postSolution
		SolutionGuid = {8ED939DD-32E3-44BA-B183-C90E7421C5FB}
	EndGlobalSection
EndGlobal
